// !$*UTF8*$!
{
	archiveVersion = 1;
	classes = {
	};
	objectVersion = 48;
	objects = {

/* Begin PBXBuildFile section */
		04A259771FDF74540000B561 /* AppDelegate.swift in Sources */ = {isa = PBXBuildFile; fileRef = 04A259761FDF74540000B561 /* AppDelegate.swift */; };
		04A259791FDF74540000B561 /* ViewController.swift in Sources */ = {isa = PBXBuildFile; fileRef = 04A259781FDF74540000B561 /* ViewController.swift */; };
		04A2597C1FDF74540000B561 /* Main.storyboard in Resources */ = {isa = PBXBuildFile; fileRef = 04A2597A1FDF74540000B561 /* Main.storyboard */; };
		04A2597E1FDF74540000B561 /* Assets.xcassets in Resources */ = {isa = PBXBuildFile; fileRef = 04A2597D1FDF74540000B561 /* Assets.xcassets */; };
		04A259811FDF74540000B561 /* LaunchScreen.storyboard in Resources */ = {isa = PBXBuildFile; fileRef = 04A2597F1FDF74540000B561 /* LaunchScreen.storyboard */; };
		04A2598C1FDF75310000B561 /* StoreKit.framework in Frameworks */ = {isa = PBXBuildFile; fileRef = 04A2598B1FDF75310000B561 /* StoreKit.framework */; };
		04A259921FDF792E0000B561 /* ProductsTableViewController.swift in Sources */ = {isa = PBXBuildFile; fileRef = 04A259911FDF792E0000B561 /* ProductsTableViewController.swift */; };
		04D344D61FE23CD6000B4A13 /* IAPPurchaseDelegate.swift in Sources */ = {isa = PBXBuildFile; fileRef = 04D344D51FE23CD6000B4A13 /* IAPPurchaseDelegate.swift */; };
/* End PBXBuildFile section */

/* Begin PBXFileReference section */
		04A259731FDF74540000B561 /* IAPTest.app */ = {isa = PBXFileReference; explicitFileType = wrapper.application; includeInIndex = 0; path = IAPTest.app; sourceTree = BUILT_PRODUCTS_DIR; };
		04A259761FDF74540000B561 /* AppDelegate.swift */ = {isa = PBXFileReference; lastKnownFileType = sourcecode.swift; path = AppDelegate.swift; sourceTree = "<group>"; };
		04A259781FDF74540000B561 /* ViewController.swift */ = {isa = PBXFileReference; lastKnownFileType = sourcecode.swift; path = ViewController.swift; sourceTree = "<group>"; };
		04A2597B1FDF74540000B561 /* Base */ = {isa = PBXFileReference; lastKnownFileType = file.storyboard; name = Base; path = Base.lproj/Main.storyboard; sourceTree = "<group>"; };
		04A2597D1FDF74540000B561 /* Assets.xcassets */ = {isa = PBXFileReference; lastKnownFileType = folder.assetcatalog; path = Assets.xcassets; sourceTree = "<group>"; };
		04A259801FDF74540000B561 /* Base */ = {isa = PBXFileReference; lastKnownFileType = file.storyboard; name = Base; path = Base.lproj/LaunchScreen.storyboard; sourceTree = "<group>"; };
		04A259821FDF74540000B561 /* Info.plist */ = {isa = PBXFileReference; lastKnownFileType = text.plist.xml; path = Info.plist; sourceTree = "<group>"; };
		04A2598B1FDF75310000B561 /* StoreKit.framework */ = {isa = PBXFileReference; lastKnownFileType = wrapper.framework; name = StoreKit.framework; path = System/Library/Frameworks/StoreKit.framework; sourceTree = SDKROOT; };
		04A259911FDF792E0000B561 /* ProductsTableViewController.swift */ = {isa = PBXFileReference; lastKnownFileType = sourcecode.swift; path = ProductsTableViewController.swift; sourceTree = "<group>"; };
		04D344D51FE23CD6000B4A13 /* IAPPurchaseDelegate.swift */ = {isa = PBXFileReference; lastKnownFileType = sourcecode.swift; path = IAPPurchaseDelegate.swift; sourceTree = "<group>"; };
/* End PBXFileReference section */

/* Begin PBXFrameworksBuildPhase section */
		04A259701FDF74540000B561 /* Frameworks */ = {
			isa = PBXFrameworksBuildPhase;
			buildActionMask = 2147483647;
			files = (
				04A2598C1FDF75310000B561 /* StoreKit.framework in Frameworks */,
			);
			runOnlyForDeploymentPostprocessing = 0;
		};
/* End PBXFrameworksBuildPhase section */

/* Begin PBXGroup section */
		04A2596A1FDF74530000B561 = {
			isa = PBXGroup;
			children = (
				04A259751FDF74540000B561 /* IAPTest */,
				04A259741FDF74540000B561 /* Products */,
				04A259881FDF75270000B561 /* Frameworks */,
			);
			sourceTree = "<group>";
		};
		04A259741FDF74540000B561 /* Products */ = {
			isa = PBXGroup;
			children = (
				04A259731FDF74540000B561 /* IAPTest.app */,
			);
			name = Products;
			sourceTree = "<group>";
		};
		04A259751FDF74540000B561 /* IAPTest */ = {
			isa = PBXGroup;
			children = (
				04A259761FDF74540000B561 /* AppDelegate.swift */,
				04A259781FDF74540000B561 /* ViewController.swift */,
				04A259911FDF792E0000B561 /* ProductsTableViewController.swift */,
				04D344D51FE23CD6000B4A13 /* IAPPurchaseDelegate.swift */,
				04A2597A1FDF74540000B561 /* Main.storyboard */,
				04A2597D1FDF74540000B561 /* Assets.xcassets */,
				04A2597F1FDF74540000B561 /* LaunchScreen.storyboard */,
				04A259821FDF74540000B561 /* Info.plist */,
			);
			path = IAPTest;
			sourceTree = "<group>";
		};
		04A259881FDF75270000B561 /* Frameworks */ = {
			isa = PBXGroup;
			children = (
				04A2598B1FDF75310000B561 /* StoreKit.framework */,
			);
			name = Frameworks;
			sourceTree = "<group>";
		};
/* End PBXGroup section */

/* Begin PBXNativeTarget section */
		04A259721FDF74540000B561 /* IAPTest */ = {
			isa = PBXNativeTarget;
			buildConfigurationList = 04A259851FDF74540000B561 /* Build configuration list for PBXNativeTarget "IAPTest" */;
			buildPhases = (
				04A2596F1FDF74540000B561 /* Sources */,
				04A259701FDF74540000B561 /* Frameworks */,
				04A259711FDF74540000B561 /* Resources */,
			);
			buildRules = (
			);
			dependencies = (
			);
			name = IAPTest;
			productName = IAPTest;
			productReference = 04A259731FDF74540000B561 /* IAPTest.app */;
			productType = "com.apple.product-type.application";
		};
/* End PBXNativeTarget section */

/* Begin PBXProject section */
		04A2596B1FDF74530000B561 /* Project object */ = {
			isa = PBXProject;
			attributes = {
				LastSwiftUpdateCheck = 0920;
				LastUpgradeCheck = 1000;
				ORGANIZATIONNAME = Uran;
				TargetAttributes = {
					04A259721FDF74540000B561 = {
						CreatedOnToolsVersion = 9.2;
						LastSwiftMigration = 1000;
						ProvisioningStyle = Automatic;
						SystemCapabilities = {
							com.apple.InAppPurchase = {
								enabled = 1;
							};
						};
					};
				};
			};
			buildConfigurationList = 04A2596E1FDF74530000B561 /* Build configuration list for PBXProject "IAPTest" */;
			compatibilityVersion = "Xcode 8.0";
			developmentRegion = en;
			hasScannedForEncodings = 0;
			knownRegions = (
				en,
				Base,
			);
			mainGroup = 04A2596A1FDF74530000B561;
			productRefGroup = 04A259741FDF74540000B561 /* Products */;
			projectDirPath = "";
			projectRoot = "";
			targets = (
				04A259721FDF74540000B561 /* IAPTest */,
			);
		};
/* End PBXProject section */

/* Begin PBXResourcesBuildPhase section */
		04A259711FDF74540000B561 /* Resources */ = {
			isa = PBXResourcesBuildPhase;
			buildActionMask = 2147483647;
			files = (
				04A259811FDF74540000B561 /* LaunchScreen.storyboard in Resources */,
				04A2597E1FDF74540000B561 /* Assets.xcassets in Resources */,
				04A2597C1FDF74540000B561 /* Main.storyboard in Resources */,
			);
			runOnlyForDeploymentPostprocessing = 0;
		};
/* End PBXResourcesBuildPhase section */

/* Begin PBXSourcesBuildPhase section */
		04A2596F1FDF74540000B561 /* Sources */ = {
			isa = PBXSourcesBuildPhase;
			buildActionMask = 2147483647;
			files = (
				04D344D61FE23CD6000B4A13 /* IAPPurchaseDelegate.swift in Sources */,
				04A259791FDF74540000B561 /* ViewController.swift in Sources */,
				04A259921FDF792E0000B561 /* ProductsTableViewController.swift in Sources */,
				04A259771FDF74540000B561 /* AppDelegate.swift in Sources */,
			);
			runOnlyForDeploymentPostprocessing = 0;
		};
/* End PBXSourcesBuildPhase section */

/* Begin PBXVariantGroup section */
		04A2597A1FDF74540000B561 /* Main.storyboard */ = {
			isa = PBXVariantGroup;
			children = (
				04A2597B1FDF74540000B561 /* Base */,
			);
			name = Main.storyboard;
			sourceTree = "<group>";
		};
		04A2597F1FDF74540000B561 /* LaunchScreen.storyboard */ = {
			isa = PBXVariantGroup;
			children = (
				04A259801FDF74540000B561 /* Base */,
			);
			name = LaunchScreen.storyboard;
			sourceTree = "<group>";
		};
/* End PBXVariantGroup section */

/* Begin XCBuildConfiguration section */
		04A259831FDF74540000B561 /* Debug */ = {
			isa = XCBuildConfiguration;
			buildSettings = {
				ALWAYS_SEARCH_USER_PATHS = NO;
				CLANG_ANALYZER_NONNULL = YES;
				CLANG_ANALYZER_NUMBER_OBJECT_CONVERSION = YES_AGGRESSIVE;
				CLANG_CXX_LANGUAGE_STANDARD = "gnu++14";
				CLANG_CXX_LIBRARY = "libc++";
				CLANG_ENABLE_MODULES = YES;
				CLANG_ENABLE_OBJC_ARC = YES;
				CLANG_WARN_BLOCK_CAPTURE_AUTORELEASING = YES;
				CLANG_WARN_BOOL_CONVERSION = YES;
				CLANG_WARN_COMMA = YES;
				CLANG_WARN_CONSTANT_CONVERSION = YES;
				CLANG_WARN_DEPRECATED_OBJC_IMPLEMENTATIONS = YES;
				CLANG_WARN_DIRECT_OBJC_ISA_USAGE = YES_ERROR;
				CLANG_WARN_DOCUMENTATION_COMMENTS = YES;
				CLANG_WARN_EMPTY_BODY = YES;
				CLANG_WARN_ENUM_CONVERSION = YES;
				CLANG_WARN_INFINITE_RECURSION = YES;
				CLANG_WARN_INT_CONVERSION = YES;
				CLANG_WARN_NON_LITERAL_NULL_CONVERSION = YES;
				CLANG_WARN_OBJC_IMPLICIT_RETAIN_SELF = YES;
				CLANG_WARN_OBJC_LITERAL_CONVERSION = YES;
				CLANG_WARN_OBJC_ROOT_CLASS = YES_ERROR;
				CLANG_WARN_RANGE_LOOP_ANALYSIS = YES;
				CLANG_WARN_STRICT_PROTOTYPES = YES;
				CLANG_WARN_SUSPICIOUS_MOVE = YES;
				CLANG_WARN_UNGUARDED_AVAILABILITY = YES_AGGRESSIVE;
				CLANG_WARN_UNREACHABLE_CODE = YES;
				CLANG_WARN__DUPLICATE_METHOD_MATCH = YES;
				CODE_SIGN_IDENTITY = "iPhone Developer";
				COPY_PHASE_STRIP = NO;
				DEBUG_INFORMATION_FORMAT = dwarf;
				ENABLE_STRICT_OBJC_MSGSEND = YES;
				ENABLE_TESTABILITY = YES;
				GCC_C_LANGUAGE_STANDARD = gnu11;
				GCC_DYNAMIC_NO_PIC = NO;
				GCC_NO_COMMON_BLOCKS = YES;
				GCC_OPTIMIZATION_LEVEL = 0;
				GCC_PREPROCESSOR_DEFINITIONS = (
					"DEBUG=1",
					"$(inherited)",
				);
				GCC_WARN_64_TO_32_BIT_CONVERSION = YES;
				GCC_WARN_ABOUT_RETURN_TYPE = YES_ERROR;
				GCC_WARN_UNDECLARED_SELECTOR = YES;
				GCC_WARN_UNINITIALIZED_AUTOS = YES_AGGRESSIVE;
				GCC_WARN_UNUSED_FUNCTION = YES;
				GCC_WARN_UNUSED_VARIABLE = YES;
				IPHONEOS_DEPLOYMENT_TARGET = 11.2;
				MTL_ENABLE_DEBUG_INFO = YES;
				ONLY_ACTIVE_ARCH = YES;
				SDKROOT = iphoneos;
				SWIFT_ACTIVE_COMPILATION_CONDITIONS = DEBUG;
				SWIFT_OPTIMIZATION_LEVEL = "-Onone";
			};
			name = Debug;
		};
		04A259841FDF74540000B561 /* Release */ = {
			isa = XCBuildConfiguration;
			buildSettings = {
				ALWAYS_SEARCH_USER_PATHS = NO;
				CLANG_ANALYZER_NONNULL = YES;
				CLANG_ANALYZER_NUMBER_OBJECT_CONVERSION = YES_AGGRESSIVE;
				CLANG_CXX_LANGUAGE_STANDARD = "gnu++14";
				CLANG_CXX_LIBRARY = "libc++";
				CLANG_ENABLE_MODULES = YES;
				CLANG_ENABLE_OBJC_ARC = YES;
				CLANG_WARN_BLOCK_CAPTURE_AUTORELEASING = YES;
				CLANG_WARN_BOOL_CONVERSION = YES;
				CLANG_WARN_COMMA = YES;
				CLANG_WARN_CONSTANT_CONVERSION = YES;
				CLANG_WARN_DEPRECATED_OBJC_IMPLEMENTATIONS = YES;
				CLANG_WARN_DIRECT_OBJC_ISA_USAGE = YES_ERROR;
				CLANG_WARN_DOCUMENTATION_COMMENTS = YES;
				CLANG_WARN_EMPTY_BODY = YES;
				CLANG_WARN_ENUM_CONVERSION = YES;
				CLANG_WARN_INFINITE_RECURSION = YES;
				CLANG_WARN_INT_CONVERSION = YES;
				CLANG_WARN_NON_LITERAL_NULL_CONVERSION = YES;
				CLANG_WARN_OBJC_IMPLICIT_RETAIN_SELF = YES;
				CLANG_WARN_OBJC_LITERAL_CONVERSION = YES;
				CLANG_WARN_OBJC_ROOT_CLASS = YES_ERROR;
				CLANG_WARN_RANGE_LOOP_ANALYSIS = YES;
				CLANG_WARN_STRICT_PROTOTYPES = YES;
				CLANG_WARN_SUSPICIOUS_MOVE = YES;
				CLANG_WARN_UNGUARDED_AVAILABILITY = YES_AGGRESSIVE;
				CLANG_WARN_UNREACHABLE_CODE = YES;
				CLANG_WARN__DUPLICATE_METHOD_MATCH = YES;
				CODE_SIGN_IDENTITY = "iPhone Developer";
				COPY_PHASE_STRIP = NO;
				DEBUG_INFORMATION_FORMAT = "dwarf-with-dsym";
				ENABLE_NS_ASSERTIONS = NO;
				ENABLE_STRICT_OBJC_MSGSEND = YES;
				GCC_C_LANGUAGE_STANDARD = gnu11;
				GCC_NO_COMMON_BLOCKS = YES;
				GCC_WARN_64_TO_32_BIT_CONVERSION = YES;
				GCC_WARN_ABOUT_RETURN_TYPE = YES_ERROR;
				GCC_WARN_UNDECLARED_SELECTOR = YES;
				GCC_WARN_UNINITIALIZED_AUTOS = YES_AGGRESSIVE;
				GCC_WARN_UNUSED_FUNCTION = YES;
				GCC_WARN_UNUSED_VARIABLE = YES;
				IPHONEOS_DEPLOYMENT_TARGET = 11.2;
				MTL_ENABLE_DEBUG_INFO = NO;
				SDKROOT = iphoneos;
				SWIFT_OPTIMIZATION_LEVEL = "-Owholemodule";
				VALIDATE_PRODUCT = YES;
			};
			name = Release;
		};
		04A259861FDF74540000B561 /* Debug */ = {
			isa = XCBuildConfiguration;
			buildSettings = {
				ASSETCATALOG_COMPILER_APPICON_NAME = AppIcon;
				"CODE_SIGN_IDENTITY[sdk=iphoneos*]" = "iPhone Developer";
				CODE_SIGN_STYLE = Automatic;
				DEVELOPMENT_TEAM = SCFU5W6M6J;
				INFOPLIST_FILE = IAPTest/Info.plist;
				IPHONEOS_DEPLOYMENT_TARGET = 10.3;
				LD_RUNPATH_SEARCH_PATHS = "$(inherited) @executable_path/Frameworks";
				PRODUCT_BUNDLE_IDENTIFIER = com.uran.LogInTest.IAPTest;
				PRODUCT_NAME = "$(TARGET_NAME)";
				PROVISIONING_PROFILE_SPECIFIER = "";
				SWIFT_VERSION = 4.2;
				TARGETED_DEVICE_FAMILY = "1,2";
			};
			name = Debug;
		};
		04A259871FDF74540000B561 /* Release */ = {
			isa = XCBuildConfiguration;
			buildSettings = {
				ASSETCATALOG_COMPILER_APPICON_NAME = AppIcon;
				"CODE_SIGN_IDENTITY[sdk=iphoneos*]" = "iPhone Developer";
				CODE_SIGN_STYLE = Automatic;
				DEVELOPMENT_TEAM = SCFU5W6M6J;
				INFOPLIST_FILE = IAPTest/Info.plist;
				IPHONEOS_DEPLOYMENT_TARGET = 10.3;
				LD_RUNPATH_SEARCH_PATHS = "$(inherited) @executable_path/Frameworks";
				PRODUCT_BUNDLE_IDENTIFIER = com.uran.LogInTest.IAPTest;
				PRODUCT_NAME = "$(TARGET_NAME)";
				PROVISIONING_PROFILE_SPECIFIER = "";
				SWIFT_VERSION = 4.2;
				TARGETED_DEVICE_FAMILY = "1,2";
			};
			name = Release;
		};
/* End XCBuildConfiguration section */

/* Begin XCConfigurationList section */
		04A2596E1FDF74530000B561 /* Build configuration list for PBXProject "IAPTest" */ = {
			isa = XCConfigurationList;
			buildConfigurations = (
				04A259831FDF74540000B561 /* Debug */,
				04A259841FDF74540000B561 /* Release */,
			);
			defaultConfigurationIsVisible = 0;
			defaultConfigurationName = Release;
		};
		04A259851FDF74540000B561 /* Build configuration list for PBXNativeTarget "IAPTest" */ = {
			isa = XCConfigurationList;
			buildConfigurations = (
				04A259861FDF74540000B561 /* Debug */,
				04A259871FDF74540000B561 /* Release */,
			);
			defaultConfigurationIsVisible = 0;
			defaultConfigurationName = Release;
		};
/* End XCConfigurationList section */
	};
	rootObject = 04A2596B1FDF74530000B561 /* Project object */;
}
