// !$*UTF8*$!
{
	archiveVersion = 1;
	classes = {
	};
	objectVersion = 48;
	objects = {

/* Begin PBXBuildFile section */
		04CED623207B126100C51BD0 /* ShowViewController.swift in Sources */ = {isa = PBXBuildFile; fileRef = 04CED622207B126100C51BD0 /* ShowViewController.swift */; };
		04E9F0FF2050E6BE00D09AC3 /* AppDelegate.swift in Sources */ = {isa = PBXBuildFile; fileRef = 04E9F0FE2050E6BE00D09AC3 /* AppDelegate.swift */; };
		04E9F1012050E6BF00D09AC3 /* Scene.sks in Resources */ = {isa = PBXBuildFile; fileRef = 04E9F1002050E6BF00D09AC3 /* Scene.sks */; };
		04E9F1032050E6BF00D09AC3 /* Scene.swift in Sources */ = {isa = PBXBuildFile; fileRef = 04E9F1022050E6BF00D09AC3 /* Scene.swift */; };
		04E9F1052050E6BF00D09AC3 /* ViewController.swift in Sources */ = {isa = PBXBuildFile; fileRef = 04E9F1042050E6BF00D09AC3 /* ViewController.swift */; };
		04E9F1082050E6BF00D09AC3 /* Main.storyboard in Resources */ = {isa = PBXBuildFile; fileRef = 04E9F1062050E6BF00D09AC3 /* Main.storyboard */; };
		04E9F10A2050E6BF00D09AC3 /* Assets.xcassets in Resources */ = {isa = PBXBuildFile; fileRef = 04E9F1092050E6BF00D09AC3 /* Assets.xcassets */; };
		04E9F10D2050E6BF00D09AC3 /* LaunchScreen.storyboard in Resources */ = {isa = PBXBuildFile; fileRef = 04E9F10B2050E6BF00D09AC3 /* LaunchScreen.storyboard */; };
/* End PBXBuildFile section */

/* Begin PBXFileReference section */
		04CED622207B126100C51BD0 /* ShowViewController.swift */ = {isa = PBXFileReference; lastKnownFileType = sourcecode.swift; path = ShowViewController.swift; sourceTree = "<group>"; };
		04E9F0FB2050E6BE00D09AC3 /* CloudArKit.app */ = {isa = PBXFileReference; explicitFileType = wrapper.application; includeInIndex = 0; path = CloudArKit.app; sourceTree = BUILT_PRODUCTS_DIR; };
		04E9F0FE2050E6BE00D09AC3 /* AppDelegate.swift */ = {isa = PBXFileReference; lastKnownFileType = sourcecode.swift; path = AppDelegate.swift; sourceTree = "<group>"; };
		04E9F1002050E6BF00D09AC3 /* Scene.sks */ = {isa = PBXFileReference; lastKnownFileType = file.sks; path = Scene.sks; sourceTree = "<group>"; };
		04E9F1022050E6BF00D09AC3 /* Scene.swift */ = {isa = PBXFileReference; lastKnownFileType = sourcecode.swift; path = Scene.swift; sourceTree = "<group>"; };
		04E9F1042050E6BF00D09AC3 /* ViewController.swift */ = {isa = PBXFileReference; lastKnownFileType = sourcecode.swift; path = ViewController.swift; sourceTree = "<group>"; };
		04E9F1072050E6BF00D09AC3 /* Base */ = {isa = PBXFileReference; lastKnownFileType = file.storyboard; name = Base; path = Base.lproj/Main.storyboard; sourceTree = "<group>"; };
		04E9F1092050E6BF00D09AC3 /* Assets.xcassets */ = {isa = PBXFileReference; lastKnownFileType = folder.assetcatalog; path = Assets.xcassets; sourceTree = "<group>"; };
		04E9F10C2050E6BF00D09AC3 /* Base */ = {isa = PBXFileReference; lastKnownFileType = file.storyboard; name = Base; path = Base.lproj/LaunchScreen.storyboard; sourceTree = "<group>"; };
		04E9F10E2050E6BF00D09AC3 /* Info.plist */ = {isa = PBXFileReference; lastKnownFileType = text.plist.xml; path = Info.plist; sourceTree = "<group>"; };
/* End PBXFileReference section */

/* Begin PBXFrameworksBuildPhase section */
		04E9F0F82050E6BE00D09AC3 /* Frameworks */ = {
			isa = PBXFrameworksBuildPhase;
			buildActionMask = 2147483647;
			files = (
			);
			runOnlyForDeploymentPostprocessing = 0;
		};
/* End PBXFrameworksBuildPhase section */

/* Begin PBXGroup section */
		04E9F0F22050E6BE00D09AC3 = {
			isa = PBXGroup;
			children = (
				04E9F0FD2050E6BE00D09AC3 /* CloudArKit */,
				04E9F0FC2050E6BE00D09AC3 /* Products */,
			);
			sourceTree = "<group>";
		};
		04E9F0FC2050E6BE00D09AC3 /* Products */ = {
			isa = PBXGroup;
			children = (
				04E9F0FB2050E6BE00D09AC3 /* CloudArKit.app */,
			);
			name = Products;
			sourceTree = "<group>";
		};
		04E9F0FD2050E6BE00D09AC3 /* CloudArKit */ = {
			isa = PBXGroup;
			children = (
				04E9F0FE2050E6BE00D09AC3 /* AppDelegate.swift */,
				04E9F1002050E6BF00D09AC3 /* Scene.sks */,
				04E9F1022050E6BF00D09AC3 /* Scene.swift */,
				04E9F1042050E6BF00D09AC3 /* ViewController.swift */,
				04CED622207B126100C51BD0 /* ShowViewController.swift */,
				04E9F1062050E6BF00D09AC3 /* Main.storyboard */,
				04E9F1092050E6BF00D09AC3 /* Assets.xcassets */,
				04E9F10B2050E6BF00D09AC3 /* LaunchScreen.storyboard */,
				04E9F10E2050E6BF00D09AC3 /* Info.plist */,
			);
			path = CloudArKit;
			sourceTree = "<group>";
		};
/* End PBXGroup section */

/* Begin PBXNativeTarget section */
		04E9F0FA2050E6BE00D09AC3 /* CloudArKit */ = {
			isa = PBXNativeTarget;
			buildConfigurationList = 04E9F1112050E6BF00D09AC3 /* Build configuration list for PBXNativeTarget "CloudArKit" */;
			buildPhases = (
				04E9F0F72050E6BE00D09AC3 /* Sources */,
				04E9F0F82050E6BE00D09AC3 /* Frameworks */,
				04E9F0F92050E6BE00D09AC3 /* Resources */,
			);
			buildRules = (
			);
			dependencies = (
			);
			name = CloudArKit;
			productName = CloudArKit;
			productReference = 04E9F0FB2050E6BE00D09AC3 /* CloudArKit.app */;
			productType = "com.apple.product-type.application";
		};
/* End PBXNativeTarget section */

/* Begin PBXProject section */
		04E9F0F32050E6BE00D09AC3 /* Project object */ = {
			isa = PBXProject;
			attributes = {
				LastSwiftUpdateCheck = 0920;
				LastUpgradeCheck = 0930;
				ORGANIZATIONNAME = Uran;
				TargetAttributes = {
					04E9F0FA2050E6BE00D09AC3 = {
						CreatedOnToolsVersion = 9.2;
						ProvisioningStyle = Automatic;
					};
				};
			};
			buildConfigurationList = 04E9F0F62050E6BE00D09AC3 /* Build configuration list for PBXProject "CloudArKit" */;
			compatibilityVersion = "Xcode 8.0";
			developmentRegion = en;
			hasScannedForEncodings = 0;
			knownRegions = (
				en,
				Base,
			);
			mainGroup = 04E9F0F22050E6BE00D09AC3;
			productRefGroup = 04E9F0FC2050E6BE00D09AC3 /* Products */;
			projectDirPath = "";
			projectRoot = "";
			targets = (
				04E9F0FA2050E6BE00D09AC3 /* CloudArKit */,
			);
		};
/* End PBXProject section */

/* Begin PBXResourcesBuildPhase section */
		04E9F0F92050E6BE00D09AC3 /* Resources */ = {
			isa = PBXResourcesBuildPhase;
			buildActionMask = 2147483647;
			files = (
				04E9F1012050E6BF00D09AC3 /* Scene.sks in Resources */,
				04E9F10D2050E6BF00D09AC3 /* LaunchScreen.storyboard in Resources */,
				04E9F10A2050E6BF00D09AC3 /* Assets.xcassets in Resources */,
				04E9F1082050E6BF00D09AC3 /* Main.storyboard in Resources */,
			);
			runOnlyForDeploymentPostprocessing = 0;
		};
/* End PBXResourcesBuildPhase section */

/* Begin PBXSourcesBuildPhase section */
		04E9F0F72050E6BE00D09AC3 /* Sources */ = {
			isa = PBXSourcesBuildPhase;
			buildActionMask = 2147483647;
			files = (
				04E9F1052050E6BF00D09AC3 /* ViewController.swift in Sources */,
				04E9F1032050E6BF00D09AC3 /* Scene.swift in Sources */,
				04E9F0FF2050E6BE00D09AC3 /* AppDelegate.swift in Sources */,
				04CED623207B126100C51BD0 /* ShowViewController.swift in Sources */,
			);
			runOnlyForDeploymentPostprocessing = 0;
		};
/* End PBXSourcesBuildPhase section */

/* Begin PBXVariantGroup section */
		04E9F1062050E6BF00D09AC3 /* Main.storyboard */ = {
			isa = PBXVariantGroup;
			children = (
				04E9F1072050E6BF00D09AC3 /* Base */,
			);
			name = Main.storyboard;
			sourceTree = "<group>";
		};
		04E9F10B2050E6BF00D09AC3 /* LaunchScreen.storyboard */ = {
			isa = PBXVariantGroup;
			children = (
				04E9F10C2050E6BF00D09AC3 /* Base */,
			);
			name = LaunchScreen.storyboard;
			sourceTree = "<group>";
		};
/* End PBXVariantGroup section */

/* Begin XCBuildConfiguration section */
		04E9F10F2050E6BF00D09AC3 /* Debug */ = {
			isa = XCBuildConfiguration;
			buildSettings = {
				ALWAYS_SEARCH_USER_PATHS = NO;
				CLANG_ANALYZER_NONNULL = YES;
				CLANG_ANALYZER_NUMBER_OBJECT_CONVERSION = YES_AGGRESSIVE;
				CLANG_CXX_LANGUAGE_STANDARD = "gnu++14";
				CLANG_CXX_LIBRARY = "libc++";
				CLANG_ENABLE_MODULES = YES;
				CLANG_ENABLE_OBJC_ARC = YES;
				CLANG_WARN_BLOCK_CAPTURE_AUTORELEASING = YES;
				CLANG_WARN_BOOL_CONVERSION = YES;
				CLANG_WARN_COMMA = YES;
				CLANG_WARN_CONSTANT_CONVERSION = YES;
				CLANG_WARN_DEPRECATED_OBJC_IMPLEMENTATIONS = YES;
				CLANG_WARN_DIRECT_OBJC_ISA_USAGE = YES_ERROR;
				CLANG_WARN_DOCUMENTATION_COMMENTS = YES;
				CLANG_WARN_EMPTY_BODY = YES;
				CLANG_WARN_ENUM_CONVERSION = YES;
				CLANG_WARN_INFINITE_RECURSION = YES;
				CLANG_WARN_INT_CONVERSION = YES;
				CLANG_WARN_NON_LITERAL_NULL_CONVERSION = YES;
				CLANG_WARN_OBJC_IMPLICIT_RETAIN_SELF = YES;
				CLANG_WARN_OBJC_LITERAL_CONVERSION = YES;
				CLANG_WARN_OBJC_ROOT_CLASS = YES_ERROR;
				CLANG_WARN_RANGE_LOOP_ANALYSIS = YES;
				CLANG_WARN_STRICT_PROTOTYPES = YES;
				CLANG_WARN_SUSPICIOUS_MOVE = YES;
				CLANG_WARN_UNGUARDED_AVAILABILITY = YES_AGGRESSIVE;
				CLANG_WARN_UNREACHABLE_CODE = YES;
				CLANG_WARN__DUPLICATE_METHOD_MATCH = YES;
				CODE_SIGN_IDENTITY = "iPhone Developer";
				COPY_PHASE_STRIP = NO;
				DEBUG_INFORMATION_FORMAT = dwarf;
				ENABLE_STRICT_OBJC_MSGSEND = YES;
				ENABLE_TESTABILITY = YES;
				GCC_C_LANGUAGE_STANDARD = gnu11;
				GCC_DYNAMIC_NO_PIC = NO;
				GCC_NO_COMMON_BLOCKS = YES;
				GCC_OPTIMIZATION_LEVEL = 0;
				GCC_PREPROCESSOR_DEFINITIONS = (
					"DEBUG=1",
					"$(inherited)",
				);
				GCC_WARN_64_TO_32_BIT_CONVERSION = YES;
				GCC_WARN_ABOUT_RETURN_TYPE = YES_ERROR;
				GCC_WARN_UNDECLARED_SELECTOR = YES;
				GCC_WARN_UNINITIALIZED_AUTOS = YES_AGGRESSIVE;
				GCC_WARN_UNUSED_FUNCTION = YES;
				GCC_WARN_UNUSED_VARIABLE = YES;
				IPHONEOS_DEPLOYMENT_TARGET = 11.2;
				MTL_ENABLE_DEBUG_INFO = YES;
				ONLY_ACTIVE_ARCH = YES;
				SDKROOT = iphoneos;
				SWIFT_ACTIVE_COMPILATION_CONDITIONS = DEBUG;
				SWIFT_OPTIMIZATION_LEVEL = "-Onone";
			};
			name = Debug;
		};
		04E9F1102050E6BF00D09AC3 /* Release */ = {
			isa = XCBuildConfiguration;
			buildSettings = {
				ALWAYS_SEARCH_USER_PATHS = NO;
				CLANG_ANALYZER_NONNULL = YES;
				CLANG_ANALYZER_NUMBER_OBJECT_CONVERSION = YES_AGGRESSIVE;
				CLANG_CXX_LANGUAGE_STANDARD = "gnu++14";
				CLANG_CXX_LIBRARY = "libc++";
				CLANG_ENABLE_MODULES = YES;
				CLANG_ENABLE_OBJC_ARC = YES;
				CLANG_WARN_BLOCK_CAPTURE_AUTORELEASING = YES;
				CLANG_WARN_BOOL_CONVERSION = YES;
				CLANG_WARN_COMMA = YES;
				CLANG_WARN_CONSTANT_CONVERSION = YES;
				CLANG_WARN_DEPRECATED_OBJC_IMPLEMENTATIONS = YES;
				CLANG_WARN_DIRECT_OBJC_ISA_USAGE = YES_ERROR;
				CLANG_WARN_DOCUMENTATION_COMMENTS = YES;
				CLANG_WARN_EMPTY_BODY = YES;
				CLANG_WARN_ENUM_CONVERSION = YES;
				CLANG_WARN_INFINITE_RECURSION = YES;
				CLANG_WARN_INT_CONVERSION = YES;
				CLANG_WARN_NON_LITERAL_NULL_CONVERSION = YES;
				CLANG_WARN_OBJC_IMPLICIT_RETAIN_SELF = YES;
				CLANG_WARN_OBJC_LITERAL_CONVERSION = YES;
				CLANG_WARN_OBJC_ROOT_CLASS = YES_ERROR;
				CLANG_WARN_RANGE_LOOP_ANALYSIS = YES;
				CLANG_WARN_STRICT_PROTOTYPES = YES;
				CLANG_WARN_SUSPICIOUS_MOVE = YES;
				CLANG_WARN_UNGUARDED_AVAILABILITY = YES_AGGRESSIVE;
				CLANG_WARN_UNREACHABLE_CODE = YES;
				CLANG_WARN__DUPLICATE_METHOD_MATCH = YES;
				CODE_SIGN_IDENTITY = "iPhone Developer";
				COPY_PHASE_STRIP = NO;
				DEBUG_INFORMATION_FORMAT = "dwarf-with-dsym";
				ENABLE_NS_ASSERTIONS = NO;
				ENABLE_STRICT_OBJC_MSGSEND = YES;
				GCC_C_LANGUAGE_STANDARD = gnu11;
				GCC_NO_COMMON_BLOCKS = YES;
				GCC_WARN_64_TO_32_BIT_CONVERSION = YES;
				GCC_WARN_ABOUT_RETURN_TYPE = YES_ERROR;
				GCC_WARN_UNDECLARED_SELECTOR = YES;
				GCC_WARN_UNINITIALIZED_AUTOS = YES_AGGRESSIVE;
				GCC_WARN_UNUSED_FUNCTION = YES;
				GCC_WARN_UNUSED_VARIABLE = YES;
				IPHONEOS_DEPLOYMENT_TARGET = 11.2;
				MTL_ENABLE_DEBUG_INFO = NO;
				SDKROOT = iphoneos;
				SWIFT_OPTIMIZATION_LEVEL = "-Owholemodule";
				VALIDATE_PRODUCT = YES;
			};
			name = Release;
		};
		04E9F1122050E6BF00D09AC3 /* Debug */ = {
			isa = XCBuildConfiguration;
			buildSettings = {
				ASSETCATALOG_COMPILER_APPICON_NAME = AppIcon;
				CODE_SIGN_STYLE = Automatic;
				DEVELOPMENT_TEAM = SCFU5W6M6J;
				INFOPLIST_FILE = CloudArKit/Info.plist;
				LD_RUNPATH_SEARCH_PATHS = "$(inherited) @executable_path/Frameworks";
				PRODUCT_BUNDLE_IDENTIFIER = com.uran.CloudArKit;
				PRODUCT_NAME = "$(TARGET_NAME)";
				SWIFT_VERSION = 4.0;
				TARGETED_DEVICE_FAMILY = "1,2";
			};
			name = Debug;
		};
		04E9F1132050E6BF00D09AC3 /* Release */ = {
			isa = XCBuildConfiguration;
			buildSettings = {
				ASSETCATALOG_COMPILER_APPICON_NAME = AppIcon;
				CODE_SIGN_STYLE = Automatic;
				DEVELOPMENT_TEAM = SCFU5W6M6J;
				INFOPLIST_FILE = CloudArKit/Info.plist;
				LD_RUNPATH_SEARCH_PATHS = "$(inherited) @executable_path/Frameworks";
				PRODUCT_BUNDLE_IDENTIFIER = com.uran.CloudArKit;
				PRODUCT_NAME = "$(TARGET_NAME)";
				SWIFT_VERSION = 4.0;
				TARGETED_DEVICE_FAMILY = "1,2";
			};
			name = Release;
		};
/* End XCBuildConfiguration section */

/* Begin XCConfigurationList section */
		04E9F0F62050E6BE00D09AC3 /* Build configuration list for PBXProject "CloudArKit" */ = {
			isa = XCConfigurationList;
			buildConfigurations = (
				04E9F10F2050E6BF00D09AC3 /* Debug */,
				04E9F1102050E6BF00D09AC3 /* Release */,
			);
			defaultConfigurationIsVisible = 0;
			defaultConfigurationName = Release;
		};
		04E9F1112050E6BF00D09AC3 /* Build configuration list for PBXNativeTarget "CloudArKit" */ = {
			isa = XCConfigurationList;
			buildConfigurations = (
				04E9F1122050E6BF00D09AC3 /* Debug */,
				04E9F1132050E6BF00D09AC3 /* Release */,
			);
			defaultConfigurationIsVisible = 0;
			defaultConfigurationName = Release;
		};
/* End XCConfigurationList section */
	};
	rootObject = 04E9F0F32050E6BE00D09AC3 /* Project object */;
}
