// !$*UTF8*$!
{
	archiveVersion = 1;
	classes = {
	};
	objectVersion = 50;
	objects = {

/* Begin PBXBuildFile section */
		048490E7228CF340007055FC /* AppDelegate.swift in Sources */ = {isa = PBXBuildFile; fileRef = 048490E6228CF340007055FC /* AppDelegate.swift */; };
		048490E9228CF340007055FC /* ViewController.swift in Sources */ = {isa = PBXBuildFile; fileRef = 048490E8228CF340007055FC /* ViewController.swift */; };
		048490EB228CF344007055FC /* Assets.xcassets in Resources */ = {isa = PBXBuildFile; fileRef = 048490EA228CF344007055FC /* Assets.xcassets */; };
		048490EE228CF344007055FC /* Main.storyboard in Resources */ = {isa = PBXBuildFile; fileRef = 048490EC228CF344007055FC /* Main.storyboard */; };
		048490F7228D1140007055FC /* VideoInfo.swift in Sources */ = {isa = PBXBuildFile; fileRef = 048490F6228D113F007055FC /* VideoInfo.swift */; };
		048490F9228D3076007055FC /* YoutubeManager.swift in Sources */ = {isa = PBXBuildFile; fileRef = 048490F8228D3076007055FC /* YoutubeManager.swift */; };
		048490FB228D3EB8007055FC /* YoutubeResult.swift in Sources */ = {isa = PBXBuildFile; fileRef = 048490FA228D3EB8007055FC /* YoutubeResult.swift */; };
		04849104228E99EB007055FC /* PlayerView.swift in Sources */ = {isa = PBXBuildFile; fileRef = 04849102228E99EB007055FC /* PlayerView.swift */; };
		04849105228E99EB007055FC /* PlayerView.xib in Resources */ = {isa = PBXBuildFile; fileRef = 04849103228E99EB007055FC /* PlayerView.xib */; };
		A129DA3D07ABA4C085B074C7 /* Pods_HiPlayerForYT.framework in Frameworks */ = {isa = PBXBuildFile; fileRef = DA304505DBB5C365076DE675 /* Pods_HiPlayerForYT.framework */; };
/* End PBXBuildFile section */

/* Begin PBXFileReference section */
		048490E3228CF340007055FC /* HiPlayerForYT.app */ = {isa = PBXFileReference; explicitFileType = wrapper.application; includeInIndex = 0; path = HiPlayerForYT.app; sourceTree = BUILT_PRODUCTS_DIR; };
		048490E6228CF340007055FC /* AppDelegate.swift */ = {isa = PBXFileReference; lastKnownFileType = sourcecode.swift; path = AppDelegate.swift; sourceTree = "<group>"; };
		048490E8228CF340007055FC /* ViewController.swift */ = {isa = PBXFileReference; lastKnownFileType = sourcecode.swift; path = ViewController.swift; sourceTree = "<group>"; };
		048490EA228CF344007055FC /* Assets.xcassets */ = {isa = PBXFileReference; lastKnownFileType = folder.assetcatalog; path = Assets.xcassets; sourceTree = "<group>"; };
		048490ED228CF344007055FC /* Base */ = {isa = PBXFileReference; lastKnownFileType = file.storyboard; name = Base; path = Base.lproj/Main.storyboard; sourceTree = "<group>"; };
		048490EF228CF344007055FC /* Info.plist */ = {isa = PBXFileReference; lastKnownFileType = text.plist.xml; path = Info.plist; sourceTree = "<group>"; };
		048490F0228CF344007055FC /* HiPlayerForYT.entitlements */ = {isa = PBXFileReference; lastKnownFileType = text.plist.entitlements; path = HiPlayerForYT.entitlements; sourceTree = "<group>"; };
		048490F6228D113F007055FC /* VideoInfo.swift */ = {isa = PBXFileReference; lastKnownFileType = sourcecode.swift; path = VideoInfo.swift; sourceTree = "<group>"; };
		048490F8228D3076007055FC /* YoutubeManager.swift */ = {isa = PBXFileReference; lastKnownFileType = sourcecode.swift; path = YoutubeManager.swift; sourceTree = "<group>"; };
		048490FA228D3EB8007055FC /* YoutubeResult.swift */ = {isa = PBXFileReference; lastKnownFileType = sourcecode.swift; path = YoutubeResult.swift; sourceTree = "<group>"; };
		04849102228E99EB007055FC /* PlayerView.swift */ = {isa = PBXFileReference; fileEncoding = 4; lastKnownFileType = sourcecode.swift; path = PlayerView.swift; sourceTree = "<group>"; };
		04849103228E99EB007055FC /* PlayerView.xib */ = {isa = PBXFileReference; fileEncoding = 4; lastKnownFileType = file.xib; path = PlayerView.xib; sourceTree = "<group>"; };
		0BC23C3DB4F66DDD6403236E /* Pods-HiPlayerForYT.debug.xcconfig */ = {isa = PBXFileReference; includeInIndex = 1; lastKnownFileType = text.xcconfig; name = "Pods-HiPlayerForYT.debug.xcconfig"; path = "Target Support Files/Pods-HiPlayerForYT/Pods-HiPlayerForYT.debug.xcconfig"; sourceTree = "<group>"; };
		3958DC21839934615132CB02 /* Pods-HiPlayerForYT.release.xcconfig */ = {isa = PBXFileReference; includeInIndex = 1; lastKnownFileType = text.xcconfig; name = "Pods-HiPlayerForYT.release.xcconfig"; path = "Target Support Files/Pods-HiPlayerForYT/Pods-HiPlayerForYT.release.xcconfig"; sourceTree = "<group>"; };
		DA304505DBB5C365076DE675 /* Pods_HiPlayerForYT.framework */ = {isa = PBXFileReference; explicitFileType = wrapper.framework; includeInIndex = 0; path = Pods_HiPlayerForYT.framework; sourceTree = BUILT_PRODUCTS_DIR; };
/* End PBXFileReference section */

/* Begin PBXFrameworksBuildPhase section */
		048490E0228CF340007055FC /* Frameworks */ = {
			isa = PBXFrameworksBuildPhase;
			buildActionMask = 2147483647;
			files = (
				A129DA3D07ABA4C085B074C7 /* Pods_HiPlayerForYT.framework in Frameworks */,
			);
			runOnlyForDeploymentPostprocessing = 0;
		};
/* End PBXFrameworksBuildPhase section */

/* Begin PBXGroup section */
		048490DA228CF33F007055FC = {
			isa = PBXGroup;
			children = (
				048490E5228CF340007055FC /* HiPlayerForYT */,
				048490E4228CF340007055FC /* Products */,
				139FDA6454AE82A2CDEF005D /* Pods */,
				61A0C5138DCEA1BC37CE6825 /* Frameworks */,
			);
			sourceTree = "<group>";
		};
		048490E4228CF340007055FC /* Products */ = {
			isa = PBXGroup;
			children = (
				048490E3228CF340007055FC /* HiPlayerForYT.app */,
			);
			name = Products;
			sourceTree = "<group>";
		};
		048490E5228CF340007055FC /* HiPlayerForYT */ = {
			isa = PBXGroup;
			children = (
				048490E6228CF340007055FC /* AppDelegate.swift */,
				048490E8228CF340007055FC /* ViewController.swift */,
				048490F6228D113F007055FC /* VideoInfo.swift */,
				048490F8228D3076007055FC /* YoutubeManager.swift */,
				048490FA228D3EB8007055FC /* YoutubeResult.swift */,
				048490EA228CF344007055FC /* Assets.xcassets */,
				04849101228E99D5007055FC /* Player */,
				048490EC228CF344007055FC /* Main.storyboard */,
				048490EF228CF344007055FC /* Info.plist */,
				048490F0228CF344007055FC /* HiPlayerForYT.entitlements */,
			);
			path = HiPlayerForYT;
			sourceTree = "<group>";
		};
		04849101228E99D5007055FC /* Player */ = {
			isa = PBXGroup;
			children = (
				04849102228E99EB007055FC /* PlayerView.swift */,
				04849103228E99EB007055FC /* PlayerView.xib */,
			);
			path = Player;
			sourceTree = "<group>";
		};
		139FDA6454AE82A2CDEF005D /* Pods */ = {
			isa = PBXGroup;
			children = (
				0BC23C3DB4F66DDD6403236E /* Pods-HiPlayerForYT.debug.xcconfig */,
				3958DC21839934615132CB02 /* Pods-HiPlayerForYT.release.xcconfig */,
			);
			path = Pods;
			sourceTree = "<group>";
		};
		61A0C5138DCEA1BC37CE6825 /* Frameworks */ = {
			isa = PBXGroup;
			children = (
				DA304505DBB5C365076DE675 /* Pods_HiPlayerForYT.framework */,
			);
			name = Frameworks;
			sourceTree = "<group>";
		};
/* End PBXGroup section */

/* Begin PBXNativeTarget section */
		048490E2228CF340007055FC /* HiPlayerForYT */ = {
			isa = PBXNativeTarget;
			buildConfigurationList = 048490F3228CF344007055FC /* Build configuration list for PBXNativeTarget "HiPlayerForYT" */;
			buildPhases = (
				4A02F4DA10B3DD0D2DE70D61 /* [CP] Check Pods Manifest.lock */,
				048490DF228CF340007055FC /* Sources */,
				048490E0228CF340007055FC /* Frameworks */,
				048490E1228CF340007055FC /* Resources */,
				098D97C6F9B91DC9D34FC06E /* [CP] Embed Pods Frameworks */,
			);
			buildRules = (
			);
			dependencies = (
			);
			name = HiPlayerForYT;
			productName = HiPlayerForYT;
			productReference = 048490E3228CF340007055FC /* HiPlayerForYT.app */;
			productType = "com.apple.product-type.application";
		};
/* End PBXNativeTarget section */

/* Begin PBXProject section */
		048490DB228CF340007055FC /* Project object */ = {
			isa = PBXProject;
			attributes = {
				LastSwiftUpdateCheck = 1020;
				LastUpgradeCheck = 1020;
				ORGANIZATIONNAME = Uran;
				TargetAttributes = {
					048490E2228CF340007055FC = {
						CreatedOnToolsVersion = 10.2.1;
					};
				};
			};
			buildConfigurationList = 048490DE228CF340007055FC /* Build configuration list for PBXProject "HiPlayerForYT" */;
			compatibilityVersion = "Xcode 9.3";
			developmentRegion = en;
			hasScannedForEncodings = 0;
			knownRegions = (
				en,
				Base,
			);
			mainGroup = 048490DA228CF33F007055FC;
			productRefGroup = 048490E4228CF340007055FC /* Products */;
			projectDirPath = "";
			projectRoot = "";
			targets = (
				048490E2228CF340007055FC /* HiPlayerForYT */,
			);
		};
/* End PBXProject section */

/* Begin PBXResourcesBuildPhase section */
		048490E1228CF340007055FC /* Resources */ = {
			isa = PBXResourcesBuildPhase;
			buildActionMask = 2147483647;
			files = (
				048490EB228CF344007055FC /* Assets.xcassets in Resources */,
				048490EE228CF344007055FC /* Main.storyboard in Resources */,
				04849105228E99EB007055FC /* PlayerView.xib in Resources */,
			);
			runOnlyForDeploymentPostprocessing = 0;
		};
/* End PBXResourcesBuildPhase section */

/* Begin PBXShellScriptBuildPhase section */
		098D97C6F9B91DC9D34FC06E /* [CP] Embed Pods Frameworks */ = {
			isa = PBXShellScriptBuildPhase;
			buildActionMask = 2147483647;
			files = (
			);
			inputFileListPaths = (
			);
			inputPaths = (
				"${PODS_ROOT}/Target Support Files/Pods-HiPlayerForYT/Pods-HiPlayerForYT-frameworks.sh",
				"${BUILT_PRODUCTS_DIR}/GTMSessionFetcher/GTMSessionFetcher.framework",
				"${BUILT_PRODUCTS_DIR}/GoogleAPIClientForREST/GoogleAPIClientForREST.framework",
				"${BUILT_PRODUCTS_DIR}/SDWebImage/SDWebImage.framework",
				"${BUILT_PRODUCTS_DIR}/XCDYouTubeKit/XCDYouTubeKit.framework",
			);
			name = "[CP] Embed Pods Frameworks";
			outputFileListPaths = (
			);
			outputPaths = (
				"${TARGET_BUILD_DIR}/${FRAMEWORKS_FOLDER_PATH}/GTMSessionFetcher.framework",
				"${TARGET_BUILD_DIR}/${FRAMEWORKS_FOLDER_PATH}/GoogleAPIClientForREST.framework",
				"${TARGET_BUILD_DIR}/${FRAMEWORKS_FOLDER_PATH}/SDWebImage.framework",
				"${TARGET_BUILD_DIR}/${FRAMEWORKS_FOLDER_PATH}/XCDYouTubeKit.framework",
			);
			runOnlyForDeploymentPostprocessing = 0;
			shellPath = /bin/sh;
			shellScript = "\"${PODS_ROOT}/Target Support Files/Pods-HiPlayerForYT/Pods-HiPlayerForYT-frameworks.sh\"\n";
			showEnvVarsInLog = 0;
		};
		4A02F4DA10B3DD0D2DE70D61 /* [CP] Check Pods Manifest.lock */ = {
			isa = PBXShellScriptBuildPhase;
			buildActionMask = 2147483647;
			files = (
			);
			inputFileListPaths = (
			);
			inputPaths = (
				"${PODS_PODFILE_DIR_PATH}/Podfile.lock",
				"${PODS_ROOT}/Manifest.lock",
			);
			name = "[CP] Check Pods Manifest.lock";
			outputFileListPaths = (
			);
			outputPaths = (
				"$(DERIVED_FILE_DIR)/Pods-HiPlayerForYT-checkManifestLockResult.txt",
			);
			runOnlyForDeploymentPostprocessing = 0;
			shellPath = /bin/sh;
			shellScript = "diff \"${PODS_PODFILE_DIR_PATH}/Podfile.lock\" \"${PODS_ROOT}/Manifest.lock\" > /dev/null\nif [ $? != 0 ] ; then\n    # print error to STDERR\n    echo \"error: The sandbox is not in sync with the Podfile.lock. Run 'pod install' or update your CocoaPods installation.\" >&2\n    exit 1\nfi\n# This output is used by Xcode 'outputs' to avoid re-running this script phase.\necho \"SUCCESS\" > \"${SCRIPT_OUTPUT_FILE_0}\"\n";
			showEnvVarsInLog = 0;
		};
/* End PBXShellScriptBuildPhase section */

/* Begin PBXSourcesBuildPhase section */
		048490DF228CF340007055FC /* Sources */ = {
			isa = PBXSourcesBuildPhase;
			buildActionMask = 2147483647;
			files = (
				048490FB228D3EB8007055FC /* YoutubeResult.swift in Sources */,
				048490F7228D1140007055FC /* VideoInfo.swift in Sources */,
				048490E9228CF340007055FC /* ViewController.swift in Sources */,
				04849104228E99EB007055FC /* PlayerView.swift in Sources */,
				048490E7228CF340007055FC /* AppDelegate.swift in Sources */,
				048490F9228D3076007055FC /* YoutubeManager.swift in Sources */,
			);
			runOnlyForDeploymentPostprocessing = 0;
		};
/* End PBXSourcesBuildPhase section */

/* Begin PBXVariantGroup section */
		048490EC228CF344007055FC /* Main.storyboard */ = {
			isa = PBXVariantGroup;
			children = (
				048490ED228CF344007055FC /* Base */,
			);
			name = Main.storyboard;
			sourceTree = "<group>";
		};
/* End PBXVariantGroup section */

/* Begin XCBuildConfiguration section */
		048490F1228CF344007055FC /* Debug */ = {
			isa = XCBuildConfiguration;
			buildSettings = {
				ALWAYS_SEARCH_USER_PATHS = NO;
				CLANG_ANALYZER_NONNULL = YES;
				CLANG_ANALYZER_NUMBER_OBJECT_CONVERSION = YES_AGGRESSIVE;
				CLANG_CXX_LANGUAGE_STANDARD = "gnu++14";
				CLANG_CXX_LIBRARY = "libc++";
				CLANG_ENABLE_MODULES = YES;
				CLANG_ENABLE_OBJC_ARC = YES;
				CLANG_ENABLE_OBJC_WEAK = YES;
				CLANG_WARN_BLOCK_CAPTURE_AUTORELEASING = YES;
				CLANG_WARN_BOOL_CONVERSION = YES;
				CLANG_WARN_COMMA = YES;
				CLANG_WARN_CONSTANT_CONVERSION = YES;
				CLANG_WARN_DEPRECATED_OBJC_IMPLEMENTATIONS = YES;
				CLANG_WARN_DIRECT_OBJC_ISA_USAGE = YES_ERROR;
				CLANG_WARN_DOCUMENTATION_COMMENTS = YES;
				CLANG_WARN_EMPTY_BODY = YES;
				CLANG_WARN_ENUM_CONVERSION = YES;
				CLANG_WARN_INFINITE_RECURSION = YES;
				CLANG_WARN_INT_CONVERSION = YES;
				CLANG_WARN_NON_LITERAL_NULL_CONVERSION = YES;
				CLANG_WARN_OBJC_IMPLICIT_RETAIN_SELF = YES;
				CLANG_WARN_OBJC_LITERAL_CONVERSION = YES;
				CLANG_WARN_OBJC_ROOT_CLASS = YES_ERROR;
				CLANG_WARN_RANGE_LOOP_ANALYSIS = YES;
				CLANG_WARN_STRICT_PROTOTYPES = YES;
				CLANG_WARN_SUSPICIOUS_MOVE = YES;
				CLANG_WARN_UNGUARDED_AVAILABILITY = YES_AGGRESSIVE;
				CLANG_WARN_UNREACHABLE_CODE = YES;
				CLANG_WARN__DUPLICATE_METHOD_MATCH = YES;
				CODE_SIGN_IDENTITY = "Mac Developer";
				COPY_PHASE_STRIP = NO;
				DEBUG_INFORMATION_FORMAT = dwarf;
				ENABLE_STRICT_OBJC_MSGSEND = YES;
				ENABLE_TESTABILITY = YES;
				GCC_C_LANGUAGE_STANDARD = gnu11;
				GCC_DYNAMIC_NO_PIC = NO;
				GCC_NO_COMMON_BLOCKS = YES;
				GCC_OPTIMIZATION_LEVEL = 0;
				GCC_PREPROCESSOR_DEFINITIONS = (
					"DEBUG=1",
					"$(inherited)",
				);
				GCC_WARN_64_TO_32_BIT_CONVERSION = YES;
				GCC_WARN_ABOUT_RETURN_TYPE = YES_ERROR;
				GCC_WARN_UNDECLARED_SELECTOR = YES;
				GCC_WARN_UNINITIALIZED_AUTOS = YES_AGGRESSIVE;
				GCC_WARN_UNUSED_FUNCTION = YES;
				GCC_WARN_UNUSED_VARIABLE = YES;
				MACOSX_DEPLOYMENT_TARGET = 10.14;
				MTL_ENABLE_DEBUG_INFO = INCLUDE_SOURCE;
				MTL_FAST_MATH = YES;
				ONLY_ACTIVE_ARCH = YES;
				SDKROOT = macosx;
				SWIFT_ACTIVE_COMPILATION_CONDITIONS = DEBUG;
				SWIFT_OPTIMIZATION_LEVEL = "-Onone";
			};
			name = Debug;
		};
		048490F2228CF344007055FC /* Release */ = {
			isa = XCBuildConfiguration;
			buildSettings = {
				ALWAYS_SEARCH_USER_PATHS = NO;
				CLANG_ANALYZER_NONNULL = YES;
				CLANG_ANALYZER_NUMBER_OBJECT_CONVERSION = YES_AGGRESSIVE;
				CLANG_CXX_LANGUAGE_STANDARD = "gnu++14";
				CLANG_CXX_LIBRARY = "libc++";
				CLANG_ENABLE_MODULES = YES;
				CLANG_ENABLE_OBJC_ARC = YES;
				CLANG_ENABLE_OBJC_WEAK = YES;
				CLANG_WARN_BLOCK_CAPTURE_AUTORELEASING = YES;
				CLANG_WARN_BOOL_CONVERSION = YES;
				CLANG_WARN_COMMA = YES;
				CLANG_WARN_CONSTANT_CONVERSION = YES;
				CLANG_WARN_DEPRECATED_OBJC_IMPLEMENTATIONS = YES;
				CLANG_WARN_DIRECT_OBJC_ISA_USAGE = YES_ERROR;
				CLANG_WARN_DOCUMENTATION_COMMENTS = YES;
				CLANG_WARN_EMPTY_BODY = YES;
				CLANG_WARN_ENUM_CONVERSION = YES;
				CLANG_WARN_INFINITE_RECURSION = YES;
				CLANG_WARN_INT_CONVERSION = YES;
				CLANG_WARN_NON_LITERAL_NULL_CONVERSION = YES;
				CLANG_WARN_OBJC_IMPLICIT_RETAIN_SELF = YES;
				CLANG_WARN_OBJC_LITERAL_CONVERSION = YES;
				CLANG_WARN_OBJC_ROOT_CLASS = YES_ERROR;
				CLANG_WARN_RANGE_LOOP_ANALYSIS = YES;
				CLANG_WARN_STRICT_PROTOTYPES = YES;
				CLANG_WARN_SUSPICIOUS_MOVE = YES;
				CLANG_WARN_UNGUARDED_AVAILABILITY = YES_AGGRESSIVE;
				CLANG_WARN_UNREACHABLE_CODE = YES;
				CLANG_WARN__DUPLICATE_METHOD_MATCH = YES;
				CODE_SIGN_IDENTITY = "Mac Developer";
				COPY_PHASE_STRIP = NO;
				DEBUG_INFORMATION_FORMAT = "dwarf-with-dsym";
				ENABLE_NS_ASSERTIONS = NO;
				ENABLE_STRICT_OBJC_MSGSEND = YES;
				GCC_C_LANGUAGE_STANDARD = gnu11;
				GCC_NO_COMMON_BLOCKS = YES;
				GCC_WARN_64_TO_32_BIT_CONVERSION = YES;
				GCC_WARN_ABOUT_RETURN_TYPE = YES_ERROR;
				GCC_WARN_UNDECLARED_SELECTOR = YES;
				GCC_WARN_UNINITIALIZED_AUTOS = YES_AGGRESSIVE;
				GCC_WARN_UNUSED_FUNCTION = YES;
				GCC_WARN_UNUSED_VARIABLE = YES;
				MACOSX_DEPLOYMENT_TARGET = 10.14;
				MTL_ENABLE_DEBUG_INFO = NO;
				MTL_FAST_MATH = YES;
				SDKROOT = macosx;
				SWIFT_COMPILATION_MODE = wholemodule;
				SWIFT_OPTIMIZATION_LEVEL = "-O";
			};
			name = Release;
		};
		048490F4228CF344007055FC /* Debug */ = {
			isa = XCBuildConfiguration;
			baseConfigurationReference = 0BC23C3DB4F66DDD6403236E /* Pods-HiPlayerForYT.debug.xcconfig */;
			buildSettings = {
				ASSETCATALOG_COMPILER_APPICON_NAME = AppIcon;
				CODE_SIGN_ENTITLEMENTS = HiPlayerForYT/HiPlayerForYT.entitlements;
				CODE_SIGN_STYLE = Automatic;
				COMBINE_HIDPI_IMAGES = YES;
				DEVELOPMENT_TEAM = SCFU5W6M6J;
				INFOPLIST_FILE = HiPlayerForYT/Info.plist;
				LD_RUNPATH_SEARCH_PATHS = (
					"$(inherited)",
					"@executable_path/../Frameworks",
				);
				PRODUCT_BUNDLE_IDENTIFIER = com.uran.HiPlayerForYT;
				PRODUCT_NAME = "$(TARGET_NAME)";
				SWIFT_VERSION = 5.0;
			};
			name = Debug;
		};
		048490F5228CF344007055FC /* Release */ = {
			isa = XCBuildConfiguration;
			baseConfigurationReference = 3958DC21839934615132CB02 /* Pods-HiPlayerForYT.release.xcconfig */;
			buildSettings = {
				ASSETCATALOG_COMPILER_APPICON_NAME = AppIcon;
				CODE_SIGN_ENTITLEMENTS = HiPlayerForYT/HiPlayerForYT.entitlements;
				CODE_SIGN_STYLE = Automatic;
				COMBINE_HIDPI_IMAGES = YES;
				DEVELOPMENT_TEAM = SCFU5W6M6J;
				INFOPLIST_FILE = HiPlayerForYT/Info.plist;
				LD_RUNPATH_SEARCH_PATHS = (
					"$(inherited)",
					"@executable_path/../Frameworks",
				);
				PRODUCT_BUNDLE_IDENTIFIER = com.uran.HiPlayerForYT;
				PRODUCT_NAME = "$(TARGET_NAME)";
				SWIFT_VERSION = 5.0;
			};
			name = Release;
		};
/* End XCBuildConfiguration section */

/* Begin XCConfigurationList section */
		048490DE228CF340007055FC /* Build configuration list for PBXProject "HiPlayerForYT" */ = {
			isa = XCConfigurationList;
			buildConfigurations = (
				048490F1228CF344007055FC /* Debug */,
				048490F2228CF344007055FC /* Release */,
			);
			defaultConfigurationIsVisible = 0;
			defaultConfigurationName = Release;
		};
		048490F3228CF344007055FC /* Build configuration list for PBXNativeTarget "HiPlayerForYT" */ = {
			isa = XCConfigurationList;
			buildConfigurations = (
				048490F4228CF344007055FC /* Debug */,
				048490F5228CF344007055FC /* Release */,
			);
			defaultConfigurationIsVisible = 0;
			defaultConfigurationName = Release;
		};
/* End XCConfigurationList section */
	};
	rootObject = 048490DB228CF340007055FC /* Project object */;
}
